
Microsoft Visual Studio Solution File, Format Version 12.00
# Visual Studio Version 16
VisualStudioVersion = 16.0.29209.62
MinimumVisualStudioVersion = 10.0.40219.1
Project("{FAE04EC0-301F-11D3-BF4B-00C04F79EFBC}") = "InterfacesSample", "InterfacesSample\InterfacesSample.csproj", "{F0C8FA5B-FF11-4155-A1F3-9051BA3D0BD0}"
EndProject
Project("{FAE04EC0-301F-11D3-BF4B-00C04F79EFBC}") = "Polygons", "Polygons\Polygons.csproj", "{6D34715B-8C53-43A2-B7D8-0E7AC452BEFC}"
EndProject
Project("{FAE04EC0-301F-11D3-BF4B-00C04F79EFBC}") = "Polygons.Library", "Polygons.Library\Polygons.Library.csproj", "{746E65F5-7CA8-42D5-9F2A-3ACF59E4B68D}"
EndProject
Project("{FAE04EC0-301F-11D3-BF4B-00C04F79EFBC}") = "Viewer", "Viewer\Viewer.csproj", "{C0CB073D-728A-45FA-A309-F9694AAFD006}"
EndProject
Project("{9A19103F-16F7-4668-BE54-9A1E7A4F7556}") = "People.Library", "People.Library\People.Library.csproj", "{A3ED2999-EDB0-4369-92B0-4008F584218C}"
EndProject
Project("{9A19103F-16F7-4668-BE54-9A1E7A4F7556}") = "Common", "Common\Common.csproj", "{7BAD9F85-A081-467A-8684-B31CE352C5E1}"
EndProject
Project("{FAE04EC0-301F-11D3-BF4B-00C04F79EFBC}") = "People.Service", "People.Service\People.Service.csproj", "{375B5845-A360-4DF5-B51E-3E72933054E1}"
EndProject
Global
	GlobalSection(SolutionConfigurationPlatforms) = preSolution
		Debug|Any CPU = Debug|Any CPU
		Release|Any CPU = Release|Any CPU
	EndGlobalSection
	GlobalSection(ProjectConfigurationPlatforms) = postSolution
		{F0C8FA5B-FF11-4155-A1F3-9051BA3D0BD0}.Debug|Any CPU.ActiveCfg = Debug|Any CPU
		{F0C8FA5B-FF11-4155-A1F3-9051BA3D0BD0}.Debug|Any CPU.Build.0 = Debug|Any CPU
		{F0C8FA5B-FF11-4155-A1F3-9051BA3D0BD0}.Release|Any CPU.ActiveCfg = Release|Any CPU
		{F0C8FA5B-FF11-4155-A1F3-9051BA3D0BD0}.Release|Any CPU.Build.0 = Release|Any CPU
		{6D34715B-8C53-43A2-B7D8-0E7AC452BEFC}.Debug|Any CPU.ActiveCfg = Debug|Any CPU
		{6D34715B-8C53-43A2-B7D8-0E7AC452BEFC}.Debug|Any CPU.Build.0 = Debug|Any CPU
		{6D34715B-8C53-43A2-B7D8-0E7AC452BEFC}.Release|Any CPU.ActiveCfg = Release|Any CPU
		{6D34715B-8C53-43A2-B7D8-0E7AC452BEFC}.Release|Any CPU.Build.0 = Release|Any CPU
		{746E65F5-7CA8-42D5-9F2A-3ACF59E4B68D}.Debug|Any CPU.ActiveCfg = Debug|Any CPU
		{746E65F5-7CA8-42D5-9F2A-3ACF59E4B68D}.Debug|Any CPU.Build.0 = Debug|Any CPU
		{746E65F5-7CA8-42D5-9F2A-3ACF59E4B68D}.Release|Any CPU.ActiveCfg = Release|Any CPU
		{746E65F5-7CA8-42D5-9F2A-3ACF59E4B68D}.Release|Any CPU.Build.0 = Release|Any CPU
		{C0CB073D-728A-45FA-A309-F9694AAFD006}.Debug|Any CPU.ActiveCfg = Debug|Any CPU
		{C0CB073D-728A-45FA-A309-F9694AAFD006}.Debug|Any CPU.Build.0 = Debug|Any CPU
		{C0CB073D-728A-45FA-A309-F9694AAFD006}.Release|Any CPU.ActiveCfg = Release|Any CPU
		{C0CB073D-728A-45FA-A309-F9694AAFD006}.Release|Any CPU.Build.0 = Release|Any CPU
		{A3ED2999-EDB0-4369-92B0-4008F584218C}.Debug|Any CPU.ActiveCfg = Debug|Any CPU
		{A3ED2999-EDB0-4369-92B0-4008F584218C}.Debug|Any CPU.Build.0 = Debug|Any CPU
		{A3ED2999-EDB0-4369-92B0-4008F584218C}.Release|Any CPU.ActiveCfg = Release|Any CPU
		{A3ED2999-EDB0-4369-92B0-4008F584218C}.Release|Any CPU.Build.0 = Release|Any CPU
		{7BAD9F85-A081-467A-8684-B31CE352C5E1}.Debug|Any CPU.ActiveCfg = Debug|Any CPU
		{7BAD9F85-A081-467A-8684-B31CE352C5E1}.Debug|Any CPU.Build.0 = Debug|Any CPU
		{7BAD9F85-A081-467A-8684-B31CE352C5E1}.Release|Any CPU.ActiveCfg = Release|Any CPU
		{7BAD9F85-A081-467A-8684-B31CE352C5E1}.Release|Any CPU.Build.0 = Release|Any CPU
		{375B5845-A360-4DF5-B51E-3E72933054E1}.Debug|Any CPU.ActiveCfg = Debug|Any CPU
		{375B5845-A360-4DF5-B51E-3E72933054E1}.Debug|Any CPU.Build.0 = Debug|Any CPU
		{375B5845-A360-4DF5-B51E-3E72933054E1}.Release|Any CPU.ActiveCfg = Release|Any CPU
		{375B5845-A360-4DF5-B51E-3E72933054E1}.Release|Any CPU.Build.0 = Release|Any CPU
	EndGlobalSection
	GlobalSection(SolutionProperties) = preSolution
		HideSolutionNode = FALSE
	EndGlobalSection
	GlobalSection(ExtensibilityGlobals) = postSolution
		SolutionGuid = {1D32A457-798A-49FB-97AD-B3BB443C60F3}
	EndGlobalSection
EndGlobal
