
Microsoft Visual Studio Solution File, Format Version 12.00
# Visual Studio Version 16
VisualStudioVersion = 16.0.29613.14
MinimumVisualStudioVersion = 10.0.40219.1
Project("{FAE04EC0-301F-11D3-BF4B-00C04F79EFBC}") = "Repository.Factory", "..\PersonRepository.Factory\Repository.Factory.csproj", "{E1A318A6-FACF-427D-93F8-A6B131020ACB}"
EndProject
Project("{FAE04EC0-301F-11D3-BF4B-00C04F79EFBC}") = "Tests", "..\Tests\Tests.csproj", "{AEA96F75-DF37-4A01-945D-90E5514A76C7}"
EndProject
Project("{FAE04EC0-301F-11D3-BF4B-00C04F79EFBC}") = "PeopleViewer", "..\PeopleViewer\PeopleViewer.csproj", "{2942646A-ADBF-4D82-AF5D-6A32E0C0D4AC}"
EndProject
Project("{9A19103F-16F7-4668-BE54-9A1E7A4F7556}") = "Repository.Service", "..\Repository.Service\Repository.Service.csproj", "{39DA3A6F-7E12-451B-B2CA-4F6E2B0348C4}"
EndProject
Project("{9A19103F-16F7-4668-BE54-9A1E7A4F7556}") = "Repository.Interface", "..\Repository.Interface\Repository.Interface.csproj", "{DF25263F-7833-4916-8070-ED30756E6035}"
EndProject
Project("{9A19103F-16F7-4668-BE54-9A1E7A4F7556}") = "Repository.CSV", "..\Repository.CSV\Repository.CSV.csproj", "{5EC73CE2-EA40-4ED7-BE02-662C98601F8F}"
EndProject
Global
	GlobalSection(SolutionConfigurationPlatforms) = preSolution
		Debug|Any CPU = Debug|Any CPU
		Release|Any CPU = Release|Any CPU
	EndGlobalSection
	GlobalSection(ProjectConfigurationPlatforms) = postSolution
		{E1A318A6-FACF-427D-93F8-A6B131020ACB}.Debug|Any CPU.ActiveCfg = Debug|Any CPU
		{E1A318A6-FACF-427D-93F8-A6B131020ACB}.Debug|Any CPU.Build.0 = Debug|Any CPU
		{E1A318A6-FACF-427D-93F8-A6B131020ACB}.Release|Any CPU.ActiveCfg = Release|Any CPU
		{E1A318A6-FACF-427D-93F8-A6B131020ACB}.Release|Any CPU.Build.0 = Release|Any CPU
		{AEA96F75-DF37-4A01-945D-90E5514A76C7}.Debug|Any CPU.ActiveCfg = Debug|Any CPU
		{AEA96F75-DF37-4A01-945D-90E5514A76C7}.Debug|Any CPU.Build.0 = Debug|Any CPU
		{AEA96F75-DF37-4A01-945D-90E5514A76C7}.Release|Any CPU.ActiveCfg = Release|Any CPU
		{AEA96F75-DF37-4A01-945D-90E5514A76C7}.Release|Any CPU.Build.0 = Release|Any CPU
		{2942646A-ADBF-4D82-AF5D-6A32E0C0D4AC}.Debug|Any CPU.ActiveCfg = Debug|Any CPU
		{2942646A-ADBF-4D82-AF5D-6A32E0C0D4AC}.Debug|Any CPU.Build.0 = Debug|Any CPU
		{2942646A-ADBF-4D82-AF5D-6A32E0C0D4AC}.Release|Any CPU.ActiveCfg = Release|Any CPU
		{2942646A-ADBF-4D82-AF5D-6A32E0C0D4AC}.Release|Any CPU.Build.0 = Release|Any CPU
		{39DA3A6F-7E12-451B-B2CA-4F6E2B0348C4}.Debug|Any CPU.ActiveCfg = Debug|Any CPU
		{39DA3A6F-7E12-451B-B2CA-4F6E2B0348C4}.Debug|Any CPU.Build.0 = Debug|Any CPU
		{39DA3A6F-7E12-451B-B2CA-4F6E2B0348C4}.Release|Any CPU.ActiveCfg = Release|Any CPU
		{39DA3A6F-7E12-451B-B2CA-4F6E2B0348C4}.Release|Any CPU.Build.0 = Release|Any CPU
		{DF25263F-7833-4916-8070-ED30756E6035}.Debug|Any CPU.ActiveCfg = Debug|Any CPU
		{DF25263F-7833-4916-8070-ED30756E6035}.Debug|Any CPU.Build.0 = Debug|Any CPU
		{DF25263F-7833-4916-8070-ED30756E6035}.Release|Any CPU.ActiveCfg = Release|Any CPU
		{DF25263F-7833-4916-8070-ED30756E6035}.Release|Any CPU.Build.0 = Release|Any CPU
		{5EC73CE2-EA40-4ED7-BE02-662C98601F8F}.Debug|Any CPU.ActiveCfg = Debug|Any CPU
		{5EC73CE2-EA40-4ED7-BE02-662C98601F8F}.Debug|Any CPU.Build.0 = Debug|Any CPU
		{5EC73CE2-EA40-4ED7-BE02-662C98601F8F}.Release|Any CPU.ActiveCfg = Release|Any CPU
		{5EC73CE2-EA40-4ED7-BE02-662C98601F8F}.Release|Any CPU.Build.0 = Release|Any CPU
	EndGlobalSection
	GlobalSection(SolutionProperties) = preSolution
		HideSolutionNode = FALSE
	EndGlobalSection
	GlobalSection(ExtensibilityGlobals) = postSolution
		SolutionGuid = {29861966-F7E7-4EE6-AED8-171E0DCFE59B}
	EndGlobalSection
EndGlobal
